// !$*UTF8*$!
{
	archiveVersion = 1;
	classes = {
	};
	objectVersion = 46;
	objects = {

/* Begin PBXBuildFile section */
		7A796D92CD5D634698B8B48A /* Pods_WOtterClient.framework in Frameworks */ = {isa = PBXBuildFile; fileRef = BAC8CF31A066330ABA5C195F /* Pods_WOtterClient.framework */; };
		7E345ACB1D1919A9009240C0 /* AppDelegate.swift in Sources */ = {isa = PBXBuildFile; fileRef = 7E345ACA1D1919A9009240C0 /* AppDelegate.swift */; };
		7E345AD01D1919A9009240C0 /* Main.storyboard in Resources */ = {isa = PBXBuildFile; fileRef = 7E345ACE1D1919A9009240C0 /* Main.storyboard */; };
		7E345AD21D1919A9009240C0 /* Assets.xcassets in Resources */ = {isa = PBXBuildFile; fileRef = 7E345AD11D1919A9009240C0 /* Assets.xcassets */; };
		7E345AD51D1919A9009240C0 /* LaunchScreen.storyboard in Resources */ = {isa = PBXBuildFile; fileRef = 7E345AD31D1919A9009240C0 /* LaunchScreen.storyboard */; };
		7E345AE01D1919A9009240C0 /* WOtterClientUITests.swift in Sources */ = {isa = PBXBuildFile; fileRef = 7E345ADF1D1919A9009240C0 /* WOtterClientUITests.swift */; };
		7E345AEB1D191DBF009240C0 /* MainViewController.swift in Sources */ = {isa = PBXBuildFile; fileRef = 7E345AEA1D191DBF009240C0 /* MainViewController.swift */; };
		7E345AED1D192055009240C0 /* PostWotViewController.swift in Sources */ = {isa = PBXBuildFile; fileRef = 7E345AEC1D192055009240C0 /* PostWotViewController.swift */; };
		7E5BD09C1D19592F003A5F6E /* ShowWotsTableViewController.swift in Sources */ = {isa = PBXBuildFile; fileRef = 7E5BD09B1D19592F003A5F6E /* ShowWotsTableViewController.swift */; };
		80967AD9F4728FB962BE8C5F /* Pods_WOtterClientUITests.framework in Frameworks */ = {isa = PBXBuildFile; fileRef = CE260C595F4759886F29FA21 /* Pods_WOtterClientUITests.framework */; };
/* End PBXBuildFile section */

/* Begin PBXContainerItemProxy section */
		7E345ADC1D1919A9009240C0 /* PBXContainerItemProxy */ = {
			isa = PBXContainerItemProxy;
			containerPortal = 7E345ABF1D1919A9009240C0 /* Project object */;
			proxyType = 1;
			remoteGlobalIDString = 7E345AC61D1919A9009240C0;
			remoteInfo = WOtterClient;
		};
/* End PBXContainerItemProxy section */

/* Begin PBXFileReference section */
		2F037490A1B783D0801CBFE3 /* Pods-WOtterClient.debug.xcconfig */ = {isa = PBXFileReference; includeInIndex = 1; lastKnownFileType = text.xcconfig; name = "Pods-WOtterClient.debug.xcconfig"; path = "Pods/Target Support Files/Pods-WOtterClient/Pods-WOtterClient.debug.xcconfig"; sourceTree = "<group>"; };
		68C39253E9BFFA8FBA5869D4 /* Pods-WOtterClientUITests.release.xcconfig */ = {isa = PBXFileReference; includeInIndex = 1; lastKnownFileType = text.xcconfig; name = "Pods-WOtterClientUITests.release.xcconfig"; path = "Pods/Target Support Files/Pods-WOtterClientUITests/Pods-WOtterClientUITests.release.xcconfig"; sourceTree = "<group>"; };
		7E345AC71D1919A9009240C0 /* WOtterClient.app */ = {isa = PBXFileReference; explicitFileType = wrapper.application; includeInIndex = 0; path = WOtterClient.app; sourceTree = BUILT_PRODUCTS_DIR; };
		7E345ACA1D1919A9009240C0 /* AppDelegate.swift */ = {isa = PBXFileReference; lastKnownFileType = sourcecode.swift; path = AppDelegate.swift; sourceTree = "<group>"; };
		7E345ACF1D1919A9009240C0 /* Base */ = {isa = PBXFileReference; lastKnownFileType = file.storyboard; name = Base; path = Base.lproj/Main.storyboard; sourceTree = "<group>"; };
		7E345AD11D1919A9009240C0 /* Assets.xcassets */ = {isa = PBXFileReference; lastKnownFileType = folder.assetcatalog; path = Assets.xcassets; sourceTree = "<group>"; };
		7E345AD41D1919A9009240C0 /* Base */ = {isa = PBXFileReference; lastKnownFileType = file.storyboard; name = Base; path = Base.lproj/LaunchScreen.storyboard; sourceTree = "<group>"; };
		7E345AD61D1919A9009240C0 /* Info.plist */ = {isa = PBXFileReference; lastKnownFileType = text.plist.xml; path = Info.plist; sourceTree = "<group>"; };
		7E345ADB1D1919A9009240C0 /* WOtterClientUITests.xctest */ = {isa = PBXFileReference; explicitFileType = wrapper.cfbundle; includeInIndex = 0; path = WOtterClientUITests.xctest; sourceTree = BUILT_PRODUCTS_DIR; };
		7E345ADF1D1919A9009240C0 /* WOtterClientUITests.swift */ = {isa = PBXFileReference; lastKnownFileType = sourcecode.swift; path = WOtterClientUITests.swift; sourceTree = "<group>"; };
		7E345AE11D1919A9009240C0 /* Info.plist */ = {isa = PBXFileReference; lastKnownFileType = text.plist.xml; path = Info.plist; sourceTree = "<group>"; };
		7E345AEA1D191DBF009240C0 /* MainViewController.swift */ = {isa = PBXFileReference; fileEncoding = 4; lastKnownFileType = sourcecode.swift; path = MainViewController.swift; sourceTree = "<group>"; };
		7E345AEC1D192055009240C0 /* PostWotViewController.swift */ = {isa = PBXFileReference; fileEncoding = 4; lastKnownFileType = sourcecode.swift; path = PostWotViewController.swift; sourceTree = "<group>"; };
		7E5BD09B1D19592F003A5F6E /* ShowWotsTableViewController.swift */ = {isa = PBXFileReference; fileEncoding = 4; lastKnownFileType = sourcecode.swift; path = ShowWotsTableViewController.swift; sourceTree = "<group>"; };
		BAC8CF31A066330ABA5C195F /* Pods_WOtterClient.framework */ = {isa = PBXFileReference; explicitFileType = wrapper.framework; includeInIndex = 0; path = Pods_WOtterClient.framework; sourceTree = BUILT_PRODUCTS_DIR; };
		CD696F421635EB40427A3F85 /* Pods-WOtterClientUITests.debug.xcconfig */ = {isa = PBXFileReference; includeInIndex = 1; lastKnownFileType = text.xcconfig; name = "Pods-WOtterClientUITests.debug.xcconfig"; path = "Pods/Target Support Files/Pods-WOtterClientUITests/Pods-WOtterClientUITests.debug.xcconfig"; sourceTree = "<group>"; };
		CE260C595F4759886F29FA21 /* Pods_WOtterClientUITests.framework */ = {isa = PBXFileReference; explicitFileType = wrapper.framework; includeInIndex = 0; path = Pods_WOtterClientUITests.framework; sourceTree = BUILT_PRODUCTS_DIR; };
		D67D1E730D599FE188CF7C8A /* Pods-WOtterClient.release.xcconfig */ = {isa = PBXFileReference; includeInIndex = 1; lastKnownFileType = text.xcconfig; name = "Pods-WOtterClient.release.xcconfig"; path = "Pods/Target Support Files/Pods-WOtterClient/Pods-WOtterClient.release.xcconfig"; sourceTree = "<group>"; };
/* End PBXFileReference section */

/* Begin PBXFrameworksBuildPhase section */
		7E345AC41D1919A9009240C0 /* Frameworks */ = {
			isa = PBXFrameworksBuildPhase;
			buildActionMask = 2147483647;
			files = (
				7A796D92CD5D634698B8B48A /* Pods_WOtterClient.framework in Frameworks */,
			);
			runOnlyForDeploymentPostprocessing = 0;
		};
		7E345AD81D1919A9009240C0 /* Frameworks */ = {
			isa = PBXFrameworksBuildPhase;
			buildActionMask = 2147483647;
			files = (
				80967AD9F4728FB962BE8C5F /* Pods_WOtterClientUITests.framework in Frameworks */,
			);
			runOnlyForDeploymentPostprocessing = 0;
		};
/* End PBXFrameworksBuildPhase section */

/* Begin PBXGroup section */
		1DC329369725EEE0CC549328 /* Pods */ = {
			isa = PBXGroup;
			children = (
				2F037490A1B783D0801CBFE3 /* Pods-WOtterClient.debug.xcconfig */,
				D67D1E730D599FE188CF7C8A /* Pods-WOtterClient.release.xcconfig */,
				CD696F421635EB40427A3F85 /* Pods-WOtterClientUITests.debug.xcconfig */,
				68C39253E9BFFA8FBA5869D4 /* Pods-WOtterClientUITests.release.xcconfig */,
			);
			name = Pods;
			sourceTree = "<group>";
		};
		7E345ABE1D1919A9009240C0 = {
			isa = PBXGroup;
			children = (
				7E345AC91D1919A9009240C0 /* WOtterClient */,
				7E345ADE1D1919A9009240C0 /* WOtterClientUITests */,
				7E345AC81D1919A9009240C0 /* Products */,
				1DC329369725EEE0CC549328 /* Pods */,
				FBB5C7F59B84153C035AB7FB /* Frameworks */,
			);
			sourceTree = "<group>";
		};
		7E345AC81D1919A9009240C0 /* Products */ = {
			isa = PBXGroup;
			children = (
				7E345AC71D1919A9009240C0 /* WOtterClient.app */,
				7E345ADB1D1919A9009240C0 /* WOtterClientUITests.xctest */,
			);
			name = Products;
			sourceTree = "<group>";
		};
		7E345AC91D1919A9009240C0 /* WOtterClient */ = {
			isa = PBXGroup;
			children = (
				7E345ACA1D1919A9009240C0 /* AppDelegate.swift */,
				7E345ACE1D1919A9009240C0 /* Main.storyboard */,
				7E345AD11D1919A9009240C0 /* Assets.xcassets */,
				7E345AD31D1919A9009240C0 /* LaunchScreen.storyboard */,
				7E345AD61D1919A9009240C0 /* Info.plist */,
				7E345AEA1D191DBF009240C0 /* MainViewController.swift */,
				7E345AEC1D192055009240C0 /* PostWotViewController.swift */,
				7E5BD09B1D19592F003A5F6E /* ShowWotsTableViewController.swift */,
			);
			path = WOtterClient;
			sourceTree = "<group>";
		};
		7E345ADE1D1919A9009240C0 /* WOtterClientUITests */ = {
			isa = PBXGroup;
			children = (
				7E345ADF1D1919A9009240C0 /* WOtterClientUITests.swift */,
				7E345AE11D1919A9009240C0 /* Info.plist */,
			);
			path = WOtterClientUITests;
			sourceTree = "<group>";
		};
		FBB5C7F59B84153C035AB7FB /* Frameworks */ = {
			isa = PBXGroup;
			children = (
				BAC8CF31A066330ABA5C195F /* Pods_WOtterClient.framework */,
				CE260C595F4759886F29FA21 /* Pods_WOtterClientUITests.framework */,
			);
			name = Frameworks;
			sourceTree = "<group>";
		};
/* End PBXGroup section */

/* Begin PBXNativeTarget section */
		7E345AC61D1919A9009240C0 /* WOtterClient */ = {
			isa = PBXNativeTarget;
			buildConfigurationList = 7E345AE41D1919A9009240C0 /* Build configuration list for PBXNativeTarget "WOtterClient" */;
			buildPhases = (
				ADF6888983E0FA0E11B41CDC /* 📦 Check Pods Manifest.lock */,
				7E345AC31D1919A9009240C0 /* Sources */,
				7E345AC41D1919A9009240C0 /* Frameworks */,
				7E345AC51D1919A9009240C0 /* Resources */,
				34259FA06F82CED3AC2C6D0C /* 📦 Embed Pods Frameworks */,
				7E371A45629CA501A54C260D /* 📦 Copy Pods Resources */,
			);
			buildRules = (
			);
			dependencies = (
			);
			name = WOtterClient;
			productName = WOtterClient;
			productReference = 7E345AC71D1919A9009240C0 /* WOtterClient.app */;
			productType = "com.apple.product-type.application";
		};
		7E345ADA1D1919A9009240C0 /* WOtterClientUITests */ = {
			isa = PBXNativeTarget;
			buildConfigurationList = 7E345AE71D1919A9009240C0 /* Build configuration list for PBXNativeTarget "WOtterClientUITests" */;
			buildPhases = (
				4A17C5A781A4A2E96BC06C1A /* 📦 Check Pods Manifest.lock */,
				7E345AD71D1919A9009240C0 /* Sources */,
				7E345AD81D1919A9009240C0 /* Frameworks */,
				7E345AD91D1919A9009240C0 /* Resources */,
				BE917AA25586CD6E6869F45E /* 📦 Copy Pods Resources */,
			);
			buildRules = (
			);
			dependencies = (
				7E345ADD1D1919A9009240C0 /* PBXTargetDependency */,
			);
			name = WOtterClientUITests;
			productName = WOtterClientUITests;
			productReference = 7E345ADB1D1919A9009240C0 /* WOtterClientUITests.xctest */;
			productType = "com.apple.product-type.bundle.ui-testing";
		};
/* End PBXNativeTarget section */

/* Begin PBXProject section */
		7E345ABF1D1919A9009240C0 /* Project object */ = {
			isa = PBXProject;
			attributes = {
				LastSwiftUpdateCheck = 0730;
				LastUpgradeCheck = 0730;
				ORGANIZATIONNAME = "Dennis Bliefernicht";
				TargetAttributes = {
					7E345AC61D1919A9009240C0 = {
						CreatedOnToolsVersion = 7.3.1;
					};
					7E345ADA1D1919A9009240C0 = {
						CreatedOnToolsVersion = 7.3.1;
						TestTargetID = 7E345AC61D1919A9009240C0;
					};
				};
			};
			buildConfigurationList = 7E345AC21D1919A9009240C0 /* Build configuration list for PBXProject "WOtterClient" */;
			compatibilityVersion = "Xcode 3.2";
			developmentRegion = English;
			hasScannedForEncodings = 0;
			knownRegions = (
				en,
				Base,
			);
			mainGroup = 7E345ABE1D1919A9009240C0;
			productRefGroup = 7E345AC81D1919A9009240C0 /* Products */;
			projectDirPath = "";
			projectRoot = "";
			targets = (
				7E345AC61D1919A9009240C0 /* WOtterClient */,
				7E345ADA1D1919A9009240C0 /* WOtterClientUITests */,
			);
		};
/* End PBXProject section */

/* Begin PBXResourcesBuildPhase section */
		7E345AC51D1919A9009240C0 /* Resources */ = {
			isa = PBXResourcesBuildPhase;
			buildActionMask = 2147483647;
			files = (
				7E345AD51D1919A9009240C0 /* LaunchScreen.storyboard in Resources */,
				7E345AD21D1919A9009240C0 /* Assets.xcassets in Resources */,
				7E345AD01D1919A9009240C0 /* Main.storyboard in Resources */,
			);
			runOnlyForDeploymentPostprocessing = 0;
		};
		7E345AD91D1919A9009240C0 /* Resources */ = {
			isa = PBXResourcesBuildPhase;
			buildActionMask = 2147483647;
			files = (
			);
			runOnlyForDeploymentPostprocessing = 0;
		};
/* End PBXResourcesBuildPhase section */

/* Begin PBXShellScriptBuildPhase section */
		34259FA06F82CED3AC2C6D0C /* 📦 Embed Pods Frameworks */ = {
			isa = PBXShellScriptBuildPhase;
			buildActionMask = 2147483647;
			files = (
			);
			inputPaths = (
			);
			name = "📦 Embed Pods Frameworks";
			outputPaths = (
			);
			runOnlyForDeploymentPostprocessing = 0;
			shellPath = /bin/sh;
			shellScript = "\"${SRCROOT}/Pods/Target Support Files/Pods-WOtterClient/Pods-WOtterClient-frameworks.sh\"\n";
			showEnvVarsInLog = 0;
		};
		4A17C5A781A4A2E96BC06C1A /* 📦 Check Pods Manifest.lock */ = {
			isa = PBXShellScriptBuildPhase;
			buildActionMask = 2147483647;
			files = (
			);
			inputPaths = (
			);
			name = "📦 Check Pods Manifest.lock";
			outputPaths = (
			);
			runOnlyForDeploymentPostprocessing = 0;
			shellPath = /bin/sh;
			shellScript = "diff \"${PODS_ROOT}/../Podfile.lock\" \"${PODS_ROOT}/Manifest.lock\" > /dev/null\nif [[ $? != 0 ]] ; then\n    cat << EOM\nerror: The sandbox is not in sync with the Podfile.lock. Run 'pod install' or update your CocoaPods installation.\nEOM\n    exit 1\nfi\n";
			showEnvVarsInLog = 0;
		};
		7E371A45629CA501A54C260D /* 📦 Copy Pods Resources */ = {
			isa = PBXShellScriptBuildPhase;
			buildActionMask = 2147483647;
			files = (
			);
			inputPaths = (
			);
			name = "📦 Copy Pods Resources";
			outputPaths = (
			);
			runOnlyForDeploymentPostprocessing = 0;
			shellPath = /bin/sh;
			shellScript = "\"${SRCROOT}/Pods/Target Support Files/Pods-WOtterClient/Pods-WOtterClient-resources.sh\"\n";
			showEnvVarsInLog = 0;
		};
		ADF6888983E0FA0E11B41CDC /* 📦 Check Pods Manifest.lock */ = {
			isa = PBXShellScriptBuildPhase;
			buildActionMask = 2147483647;
			files = (
			);
			inputPaths = (
			);
			name = "📦 Check Pods Manifest.lock";
			outputPaths = (
			);
			runOnlyForDeploymentPostprocessing = 0;
			shellPath = /bin/sh;
			shellScript = "diff \"${PODS_ROOT}/../Podfile.lock\" \"${PODS_ROOT}/Manifest.lock\" > /dev/null\nif [[ $? != 0 ]] ; then\n    cat << EOM\nerror: The sandbox is not in sync with the Podfile.lock. Run 'pod install' or update your CocoaPods installation.\nEOM\n    exit 1\nfi\n";
			showEnvVarsInLog = 0;
		};
		BE917AA25586CD6E6869F45E /* 📦 Copy Pods Resources */ = {
			isa = PBXShellScriptBuildPhase;
			buildActionMask = 2147483647;
			files = (
			);
			inputPaths = (
			);
			name = "📦 Copy Pods Resources";
			outputPaths = (
			);
			runOnlyForDeploymentPostprocessing = 0;
			shellPath = /bin/sh;
			shellScript = "\"${SRCROOT}/Pods/Target Support Files/Pods-WOtterClientUITests/Pods-WOtterClientUITests-resources.sh\"\n";
			showEnvVarsInLog = 0;
		};
/* End PBXShellScriptBuildPhase section */

/* Begin PBXSourcesBuildPhase section */
		7E345AC31D1919A9009240C0 /* Sources */ = {
			isa = PBXSourcesBuildPhase;
			buildActionMask = 2147483647;
			files = (
				7E345AED1D192055009240C0 /* PostWotViewController.swift in Sources */,
				7E345ACB1D1919A9009240C0 /* AppDelegate.swift in Sources */,
				7E345AEB1D191DBF009240C0 /* MainViewController.swift in Sources */,
				7E5BD09C1D19592F003A5F6E /* ShowWotsTableViewController.swift in Sources */,
			);
			runOnlyForDeploymentPostprocessing = 0;
		};
		7E345AD71D1919A9009240C0 /* Sources */ = {
			isa = PBXSourcesBuildPhase;
			buildActionMask = 2147483647;
			files = (
				7E345AE01D1919A9009240C0 /* WOtterClientUITests.swift in Sources */,
			);
			runOnlyForDeploymentPostprocessing = 0;
		};
/* End PBXSourcesBuildPhase section */

/* Begin PBXTargetDependency section */
		7E345ADD1D1919A9009240C0 /* PBXTargetDependency */ = {
			isa = PBXTargetDependency;
			target = 7E345AC61D1919A9009240C0 /* WOtterClient */;
			targetProxy = 7E345ADC1D1919A9009240C0 /* PBXContainerItemProxy */;
		};
/* End PBXTargetDependency section */

/* Begin PBXVariantGroup section */
		7E345ACE1D1919A9009240C0 /* Main.storyboard */ = {
			isa = PBXVariantGroup;
			children = (
				7E345ACF1D1919A9009240C0 /* Base */,
			);
			name = Main.storyboard;
			sourceTree = "<group>";
		};
		7E345AD31D1919A9009240C0 /* LaunchScreen.storyboard */ = {
			isa = PBXVariantGroup;
			children = (
				7E345AD41D1919A9009240C0 /* Base */,
			);
			name = LaunchScreen.storyboard;
			sourceTree = "<group>";
		};
/* End PBXVariantGroup section */

/* Begin XCBuildConfiguration section */
		7E345AE21D1919A9009240C0 /* Debug */ = {
			isa = XCBuildConfiguration;
			buildSettings = {
				ALWAYS_SEARCH_USER_PATHS = NO;
				CLANG_ANALYZER_NONNULL = YES;
				CLANG_CXX_LANGUAGE_STANDARD = "gnu++0x";
				CLANG_CXX_LIBRARY = "libc++";
				CLANG_ENABLE_MODULES = YES;
				CLANG_ENABLE_OBJC_ARC = YES;
				CLANG_WARN_BOOL_CONVERSION = YES;
				CLANG_WARN_CONSTANT_CONVERSION = YES;
				CLANG_WARN_DIRECT_OBJC_ISA_USAGE = YES_ERROR;
				CLANG_WARN_EMPTY_BODY = YES;
				CLANG_WARN_ENUM_CONVERSION = YES;
				CLANG_WARN_INT_CONVERSION = YES;
				CLANG_WARN_OBJC_ROOT_CLASS = YES_ERROR;
				CLANG_WARN_UNREACHABLE_CODE = YES;
				CLANG_WARN__DUPLICATE_METHOD_MATCH = YES;
				"CODE_SIGN_IDENTITY[sdk=iphoneos*]" = "iPhone Developer";
				COPY_PHASE_STRIP = NO;
				DEBUG_INFORMATION_FORMAT = dwarf;
				ENABLE_STRICT_OBJC_MSGSEND = YES;
				ENABLE_TESTABILITY = YES;
				GCC_C_LANGUAGE_STANDARD = gnu99;
				GCC_DYNAMIC_NO_PIC = NO;
				GCC_NO_COMMON_BLOCKS = YES;
				GCC_OPTIMIZATION_LEVEL = 0;
				GCC_PREPROCESSOR_DEFINITIONS = (
					"DEBUG=1",
					"$(inherited)",
				);
				GCC_WARN_64_TO_32_BIT_CONVERSION = YES;
				GCC_WARN_ABOUT_RETURN_TYPE = YES_ERROR;
				GCC_WARN_UNDECLARED_SELECTOR = YES;
				GCC_WARN_UNINITIALIZED_AUTOS = YES_AGGRESSIVE;
				GCC_WARN_UNUSED_FUNCTION = YES;
				GCC_WARN_UNUSED_VARIABLE = YES;
				IPHONEOS_DEPLOYMENT_TARGET = 9.3;
				MTL_ENABLE_DEBUG_INFO = YES;
				ONLY_ACTIVE_ARCH = YES;
				SDKROOT = iphoneos;
				SWIFT_OPTIMIZATION_LEVEL = "-Onone";
			};
			name = Debug;
		};
		7E345AE31D1919A9009240C0 /* Release */ = {
			isa = XCBuildConfiguration;
			buildSettings = {
				ALWAYS_SEARCH_USER_PATHS = NO;
				CLANG_ANALYZER_NONNULL = YES;
				CLANG_CXX_LANGUAGE_STANDARD = "gnu++0x";
				CLANG_CXX_LIBRARY = "libc++";
				CLANG_ENABLE_MODULES = YES;
				CLANG_ENABLE_OBJC_ARC = YES;
				CLANG_WARN_BOOL_CONVERSION = YES;
				CLANG_WARN_CONSTANT_CONVERSION = YES;
				CLANG_WARN_DIRECT_OBJC_ISA_USAGE = YES_ERROR;
				CLANG_WARN_EMPTY_BODY = YES;
				CLANG_WARN_ENUM_CONVERSION = YES;
				CLANG_WARN_INT_CONVERSION = YES;
				CLANG_WARN_OBJC_ROOT_CLASS = YES_ERROR;
				CLANG_WARN_UNREACHABLE_CODE = YES;
				CLANG_WARN__DUPLICATE_METHOD_MATCH = YES;
				"CODE_SIGN_IDENTITY[sdk=iphoneos*]" = "iPhone Developer";
				COPY_PHASE_STRIP = NO;
				DEBUG_INFORMATION_FORMAT = "dwarf-with-dsym";
				ENABLE_NS_ASSERTIONS = NO;
				ENABLE_STRICT_OBJC_MSGSEND = YES;
				GCC_C_LANGUAGE_STANDARD = gnu99;
				GCC_NO_COMMON_BLOCKS = YES;
				GCC_WARN_64_TO_32_BIT_CONVERSION = YES;
				GCC_WARN_ABOUT_RETURN_TYPE = YES_ERROR;
				GCC_WARN_UNDECLARED_SELECTOR = YES;
				GCC_WARN_UNINITIALIZED_AUTOS = YES_AGGRESSIVE;
				GCC_WARN_UNUSED_FUNCTION = YES;
				GCC_WARN_UNUSED_VARIABLE = YES;
				IPHONEOS_DEPLOYMENT_TARGET = 9.3;
				MTL_ENABLE_DEBUG_INFO = NO;
				SDKROOT = iphoneos;
				VALIDATE_PRODUCT = YES;
			};
			name = Release;
		};
		7E345AE51D1919A9009240C0 /* Debug */ = {
			isa = XCBuildConfiguration;
			baseConfigurationReference = 2F037490A1B783D0801CBFE3 /* Pods-WOtterClient.debug.xcconfig */;
			buildSettings = {
				ASSETCATALOG_COMPILER_APPICON_NAME = AppIcon;
				INFOPLIST_FILE = WOtterClient/Info.plist;
				LD_RUNPATH_SEARCH_PATHS = "$(inherited) @executable_path/Frameworks";
				PRODUCT_BUNDLE_IDENTIFIER = com.xyrality.WOtterClient;
				PRODUCT_NAME = "$(TARGET_NAME)";
			};
			name = Debug;
		};
		7E345AE61D1919A9009240C0 /* Release */ = {
			isa = XCBuildConfiguration;
			baseConfigurationReference = D67D1E730D599FE188CF7C8A /* Pods-WOtterClient.release.xcconfig */;
			buildSettings = {
				ASSETCATALOG_COMPILER_APPICON_NAME = AppIcon;
				INFOPLIST_FILE = WOtterClient/Info.plist;
				LD_RUNPATH_SEARCH_PATHS = "$(inherited) @executable_path/Frameworks";
				PRODUCT_BUNDLE_IDENTIFIER = com.xyrality.WOtterClient;
				PRODUCT_NAME = "$(TARGET_NAME)";
			};
			name = Release;
		};
		7E345AE81D1919A9009240C0 /* Debug */ = {
			isa = XCBuildConfiguration;
			baseConfigurationReference = CD696F421635EB40427A3F85 /* Pods-WOtterClientUITests.debug.xcconfig */;
			buildSettings = {
				INFOPLIST_FILE = WOtterClientUITests/Info.plist;
				LD_RUNPATH_SEARCH_PATHS = "$(inherited) @executable_path/Frameworks @loader_path/Frameworks";
				PRODUCT_BUNDLE_IDENTIFIER = com.xyrality.WOtterClientUITests;
				PRODUCT_NAME = "$(TARGET_NAME)";
				TEST_TARGET_NAME = WOtterClient;
			};
			name = Debug;
		};
		7E345AE91D1919A9009240C0 /* Release */ = {
			isa = XCBuildConfiguration;
			baseConfigurationReference = 68C39253E9BFFA8FBA5869D4 /* Pods-WOtterClientUITests.release.xcconfig */;
			buildSettings = {
				INFOPLIST_FILE = WOtterClientUITests/Info.plist;
				LD_RUNPATH_SEARCH_PATHS = "$(inherited) @executable_path/Frameworks @loader_path/Frameworks";
				PRODUCT_BUNDLE_IDENTIFIER = com.xyrality.WOtterClientUITests;
				PRODUCT_NAME = "$(TARGET_NAME)";
				TEST_TARGET_NAME = WOtterClient;
			};
			name = Release;
		};
/* End XCBuildConfiguration section */

/* Begin XCConfigurationList section */
		7E345AC21D1919A9009240C0 /* Build configuration list for PBXProject "WOtterClient" */ = {
			isa = XCConfigurationList;
			buildConfigurations = (
				7E345AE21D1919A9009240C0 /* Debug */,
				7E345AE31D1919A9009240C0 /* Release */,
			);
			defaultConfigurationIsVisible = 0;
			defaultConfigurationName = Release;
		};
		7E345AE41D1919A9009240C0 /* Build configuration list for PBXNativeTarget "WOtterClient" */ = {
			isa = XCConfigurationList;
			buildConfigurations = (
				7E345AE51D1919A9009240C0 /* Debug */,
				7E345AE61D1919A9009240C0 /* Release */,
			);
			defaultConfigurationIsVisible = 0;
			defaultConfigurationName = Release;
		};
		7E345AE71D1919A9009240C0 /* Build configuration list for PBXNativeTarget "WOtterClientUITests" */ = {
			isa = XCConfigurationList;
			buildConfigurations = (
				7E345AE81D1919A9009240C0 /* Debug */,
				7E345AE91D1919A9009240C0 /* Release */,
			);
			defaultConfigurationIsVisible = 0;
			defaultConfigurationName = Release;
		};
/* End XCConfigurationList section */
	};
	rootObject = 7E345ABF1D1919A9009240C0 /* Project object */;
}
